# Generated by pub
# See https://dart.dev/tools/pub/glossary#lockfile
packages:
  characters:
    dependency: transitive
    description:
      name: characters
      url: "https://pub.dartlang.org"
    source: hosted
    version: "1.2.1"
  clock:
    dependency: transitive
    description:
      name: clock
      url: "https://pub.dartlang.org"
    source: hosted
    version: "1.1.1"
  collection:
    dependency: "direct main"
    description:
      name: collection
      url: "https://pub.dartlang.org"
    source: hosted
    version: "1.17.0"
  matcher:
    dependency: transitive
    description:
      name: matcher
      url: "https://pub.dartlang.org"
    source: hosted
    version: "0.12.11"
  math_expressions:
    dependency: "direct main"
    description:
      name: math_expressions
      url: "https://pub.dartlang.org"
    source: hosted
    version: "2.3.1"
  meta:
    dependency: transitive
    description:
      name: meta
      url: "https://pub.dartlang.org"
    source: hosted
    version: "1.8.0"
  more:
    dependency: "direct main"
    description:
      name: more
      url: "https://pub.dartlang.org"
    source: hosted
    version: "3.9.0"
  path:
    dependency: "direct main"
    description:
      name: path
      url: "https://pub.dartlang.org"
    source: hosted
    version: "1.8.3"
  quiver:
    dependency: "direct main"
    description:
      name: quiver
      url: "https://pub.dartlang.org"
    source: hosted
    version: "3.0.1+1"
  stack:
    dependency: "direct main"
    description:
      name: stack
      url: "https://pub.dartlang.org"
    source: hosted
    version: "0.2.1"
  stack_trace:
    dependency: transitive
    description:
      name: stack_trace
      url: "https://pub.dartlang.org"
    source: hosted
    version: "1.10.0"
  tuple:
    dependency: "direct main"
    description:
      name: tuple
      url: "https://pub.dartlang.org"
    source: hosted
    version: "2.0.1"
  vector_math:
    dependency: transitive
    description:
      name: vector_math
      url: "https://pub.dartlang.org"
    source: hosted
    version: "2.1.4"
sdks:
  dart: ">=2.17.0 <3.0.0"
